// !$*UTF8*$!
{
	archiveVersion = 1;
	classes = {
	};
	objectVersion = 55;
	objects = {

/* Begin PBXBuildFile section */
		CE1D2BD8287F72540095E6F7 /* TransformationsTabBarController.swift in Sources */ = {isa = PBXBuildFile; fileRef = CE1D2BD6287F72540095E6F7 /* TransformationsTabBarController.swift */; };
		CE1D2BD9287F72540095E6F7 /* TransformationsTabBarController.xib in Resources */ = {isa = PBXBuildFile; fileRef = CE1D2BD7287F72540095E6F7 /* TransformationsTabBarController.xib */; };
		CE1D2BDC287F72E70095E6F7 /* TransformationsTableViewController.swift in Sources */ = {isa = PBXBuildFile; fileRef = CE1D2BDA287F72E70095E6F7 /* TransformationsTableViewController.swift */; };
		CE1D2BDD287F72E70095E6F7 /* TransformationsTableViewController.xib in Resources */ = {isa = PBXBuildFile; fileRef = CE1D2BDB287F72E70095E6F7 /* TransformationsTableViewController.xib */; };
		CE1D2BE0287F73050095E6F7 /* TransformationsCollectionViewController.swift in Sources */ = {isa = PBXBuildFile; fileRef = CE1D2BDE287F73050095E6F7 /* TransformationsCollectionViewController.swift */; };
		CE1D2BE1287F73050095E6F7 /* TransformationsCollectionViewController.xib in Resources */ = {isa = PBXBuildFile; fileRef = CE1D2BDF287F73050095E6F7 /* TransformationsCollectionViewController.xib */; };
		CE1D2BE5287F7DA40095E6F7 /* TransformationsCollectionViewCell.swift in Sources */ = {isa = PBXBuildFile; fileRef = CE1D2BE3287F7DA40095E6F7 /* TransformationsCollectionViewCell.swift */; };
		CE1D2BE6287F7DA40095E6F7 /* TransformationsCollectionViewCell.xib in Resources */ = {isa = PBXBuildFile; fileRef = CE1D2BE4287F7DA40095E6F7 /* TransformationsCollectionViewCell.xib */; };
		CE1D2BEA287F7E030095E6F7 /* TransformationsTableViewCell.swift in Sources */ = {isa = PBXBuildFile; fileRef = CE1D2BE8287F7E030095E6F7 /* TransformationsTableViewCell.swift */; };
		CE1D2BEB287F7E030095E6F7 /* TransformationsTableViewCell.xib in Resources */ = {isa = PBXBuildFile; fileRef = CE1D2BE9287F7E030095E6F7 /* TransformationsTableViewCell.xib */; };
		CE958DA3287D17C60060A136 /* TabBarController.swift in Sources */ = {isa = PBXBuildFile; fileRef = CE958DA1287D17C60060A136 /* TabBarController.swift */; };
		CE958DA4287D17C60060A136 /* TabBarController.xib in Resources */ = {isa = PBXBuildFile; fileRef = CE958DA2287D17C60060A136 /* TabBarController.xib */; };
		CE958DAF287D238A0060A136 /* CollectionViewController.swift in Sources */ = {isa = PBXBuildFile; fileRef = CE958DAD287D238A0060A136 /* CollectionViewController.swift */; };
		CE958DB0287D238A0060A136 /* CollectionViewController.xib in Resources */ = {isa = PBXBuildFile; fileRef = CE958DAE287D238A0060A136 /* CollectionViewController.xib */; };
		CE958DB4287DBCAD0060A136 /* HeroesTableViewController.swift in Sources */ = {isa = PBXBuildFile; fileRef = CE958DB2287DBCAD0060A136 /* HeroesTableViewController.swift */; };
		CE958DB5287DBCAD0060A136 /* HeroesTableViewController.xib in Resources */ = {isa = PBXBuildFile; fileRef = CE958DB3287DBCAD0060A136 /* HeroesTableViewController.xib */; };
		CE958DB8287DCB4B0060A136 /* TableViewCell.swift in Sources */ = {isa = PBXBuildFile; fileRef = CE958DB6287DCB4B0060A136 /* TableViewCell.swift */; };
		CE958DB9287DCB4B0060A136 /* TableViewCell.xib in Resources */ = {isa = PBXBuildFile; fileRef = CE958DB7287DCB4B0060A136 /* TableViewCell.xib */; };
		CE958DBC287DE5270060A136 /* DetailViewController.swift in Sources */ = {isa = PBXBuildFile; fileRef = CE958DBA287DE5270060A136 /* DetailViewController.swift */; };
		CE958DBD287DE5270060A136 /* DetailViewController.xib in Resources */ = {isa = PBXBuildFile; fileRef = CE958DBB287DE5270060A136 /* DetailViewController.xib */; };
		CE958DBF287DFA340060A136 /* HeroModel.swift in Sources */ = {isa = PBXBuildFile; fileRef = CE958DBE287DFA340060A136 /* HeroModel.swift */; };
		CE958DC1287DFF920060A136 /* UIImageViewExtension.swift in Sources */ = {isa = PBXBuildFile; fileRef = CE958DC0287DFF920060A136 /* UIImageViewExtension.swift */; };
		CE958DC3287E127B0060A136 /* NetworkModel.swift in Sources */ = {isa = PBXBuildFile; fileRef = CE958DC2287E127B0060A136 /* NetworkModel.swift */; };
		CE958DC6287F2CA70060A136 /* CollectionViewCell.swift in Sources */ = {isa = PBXBuildFile; fileRef = CE958DC4287F2CA70060A136 /* CollectionViewCell.swift */; };
		CE958DC7287F2CA70060A136 /* CollectionViewCell.xib in Resources */ = {isa = PBXBuildFile; fileRef = CE958DC5287F2CA70060A136 /* CollectionViewCell.xib */; };
		CE958DC9287F416F0060A136 /* LocalDataModel.swift in Sources */ = {isa = PBXBuildFile; fileRef = CE958DC8287F416F0060A136 /* LocalDataModel.swift */; };
		CEAFC4B82877DA5F003908BD /* AppDelegate.swift in Sources */ = {isa = PBXBuildFile; fileRef = CEAFC4B72877DA5F003908BD /* AppDelegate.swift */; };
		CEAFC4BA2877DA5F003908BD /* SceneDelegate.swift in Sources */ = {isa = PBXBuildFile; fileRef = CEAFC4B92877DA5F003908BD /* SceneDelegate.swift */; };
		CEAFC4C12877DA60003908BD /* Assets.xcassets in Resources */ = {isa = PBXBuildFile; fileRef = CEAFC4C02877DA60003908BD /* Assets.xcassets */; };
		CEAFC4C42877DA60003908BD /* LaunchScreen.storyboard in Resources */ = {isa = PBXBuildFile; fileRef = CEAFC4C22877DA60003908BD /* LaunchScreen.storyboard */; };
		CEAFC4E92877DB65003908BD /* FirstViewController.swift in Sources */ = {isa = PBXBuildFile; fileRef = CEAFC4E72877DB65003908BD /* FirstViewController.swift */; };
		CEAFC4EA2877DB65003908BD /* FirstViewController.xib in Resources */ = {isa = PBXBuildFile; fileRef = CEAFC4E82877DB65003908BD /* FirstViewController.xib */; };
		CEF75FE22883C148004CE4E4 /* TransformationDetailViewController.swift in Sources */ = {isa = PBXBuildFile; fileRef = CEF75FE02883C148004CE4E4 /* TransformationDetailViewController.swift */; };
		CEF75FE32883C148004CE4E4 /* TransformationDetailViewController.xib in Resources */ = {isa = PBXBuildFile; fileRef = CEF75FE12883C148004CE4E4 /* TransformationDetailViewController.xib */; };
		CEF75FE52884CFDF004CE4E4 /* LocalDataModelTest.swift in Sources */ = {isa = PBXBuildFile; fileRef = CEF75FE42884CFDF004CE4E4 /* LocalDataModelTest.swift */; };
		CEF75FE92884D532004CE4E4 /* NetworkModelTest.swift in Sources */ = {isa = PBXBuildFile; fileRef = CEF75FE82884D532004CE4E4 /* NetworkModelTest.swift */; };
/* End PBXBuildFile section */

/* Begin PBXContainerItemProxy section */
		CEAFC4CB2877DA60003908BD /* PBXContainerItemProxy */ = {
			isa = PBXContainerItemProxy;
			containerPortal = CEAFC4AC2877DA5F003908BD /* Project object */;
			proxyType = 1;
			remoteGlobalIDString = CEAFC4B32877DA5F003908BD;
			remoteInfo = "DragonBallApp-JDRR";
		};
/* End PBXContainerItemProxy section */

/* Begin PBXFileReference section */
		CE1D2BD6287F72540095E6F7 /* TransformationsTabBarController.swift */ = {isa = PBXFileReference; lastKnownFileType = sourcecode.swift; path = TransformationsTabBarController.swift; sourceTree = "<group>"; };
		CE1D2BD7287F72540095E6F7 /* TransformationsTabBarController.xib */ = {isa = PBXFileReference; lastKnownFileType = file.xib; path = TransformationsTabBarController.xib; sourceTree = "<group>"; };
		CE1D2BDA287F72E70095E6F7 /* TransformationsTableViewController.swift */ = {isa = PBXFileReference; lastKnownFileType = sourcecode.swift; path = TransformationsTableViewController.swift; sourceTree = "<group>"; };
		CE1D2BDB287F72E70095E6F7 /* TransformationsTableViewController.xib */ = {isa = PBXFileReference; lastKnownFileType = file.xib; path = TransformationsTableViewController.xib; sourceTree = "<group>"; };
		CE1D2BDE287F73050095E6F7 /* TransformationsCollectionViewController.swift */ = {isa = PBXFileReference; lastKnownFileType = sourcecode.swift; path = TransformationsCollectionViewController.swift; sourceTree = "<group>"; };
		CE1D2BDF287F73050095E6F7 /* TransformationsCollectionViewController.xib */ = {isa = PBXFileReference; lastKnownFileType = file.xib; path = TransformationsCollectionViewController.xib; sourceTree = "<group>"; };
		CE1D2BE3287F7DA40095E6F7 /* TransformationsCollectionViewCell.swift */ = {isa = PBXFileReference; lastKnownFileType = sourcecode.swift; path = TransformationsCollectionViewCell.swift; sourceTree = "<group>"; };
		CE1D2BE4287F7DA40095E6F7 /* TransformationsCollectionViewCell.xib */ = {isa = PBXFileReference; lastKnownFileType = file.xib; path = TransformationsCollectionViewCell.xib; sourceTree = "<group>"; };
		CE1D2BE8287F7E030095E6F7 /* TransformationsTableViewCell.swift */ = {isa = PBXFileReference; lastKnownFileType = sourcecode.swift; path = TransformationsTableViewCell.swift; sourceTree = "<group>"; };
		CE1D2BE9287F7E030095E6F7 /* TransformationsTableViewCell.xib */ = {isa = PBXFileReference; lastKnownFileType = file.xib; path = TransformationsTableViewCell.xib; sourceTree = "<group>"; };
		CE958DA1287D17C60060A136 /* TabBarController.swift */ = {isa = PBXFileReference; lastKnownFileType = sourcecode.swift; path = TabBarController.swift; sourceTree = "<group>"; };
		CE958DA2287D17C60060A136 /* TabBarController.xib */ = {isa = PBXFileReference; lastKnownFileType = file.xib; path = TabBarController.xib; sourceTree = "<group>"; };
		CE958DAD287D238A0060A136 /* CollectionViewController.swift */ = {isa = PBXFileReference; lastKnownFileType = sourcecode.swift; path = CollectionViewController.swift; sourceTree = "<group>"; };
		CE958DAE287D238A0060A136 /* CollectionViewController.xib */ = {isa = PBXFileReference; lastKnownFileType = file.xib; path = CollectionViewController.xib; sourceTree = "<group>"; };
		CE958DB2287DBCAD0060A136 /* HeroesTableViewController.swift */ = {isa = PBXFileReference; lastKnownFileType = sourcecode.swift; path = HeroesTableViewController.swift; sourceTree = "<group>"; };
		CE958DB3287DBCAD0060A136 /* HeroesTableViewController.xib */ = {isa = PBXFileReference; lastKnownFileType = file.xib; path = HeroesTableViewController.xib; sourceTree = "<group>"; };
		CE958DB6287DCB4B0060A136 /* TableViewCell.swift */ = {isa = PBXFileReference; lastKnownFileType = sourcecode.swift; path = TableViewCell.swift; sourceTree = "<group>"; };
		CE958DB7287DCB4B0060A136 /* TableViewCell.xib */ = {isa = PBXFileReference; lastKnownFileType = file.xib; path = TableViewCell.xib; sourceTree = "<group>"; };
		CE958DBA287DE5270060A136 /* DetailViewController.swift */ = {isa = PBXFileReference; lastKnownFileType = sourcecode.swift; path = DetailViewController.swift; sourceTree = "<group>"; };
		CE958DBB287DE5270060A136 /* DetailViewController.xib */ = {isa = PBXFileReference; lastKnownFileType = file.xib; path = DetailViewController.xib; sourceTree = "<group>"; };
		CE958DBE287DFA340060A136 /* HeroModel.swift */ = {isa = PBXFileReference; lastKnownFileType = sourcecode.swift; path = HeroModel.swift; sourceTree = "<group>"; };
		CE958DC0287DFF920060A136 /* UIImageViewExtension.swift */ = {isa = PBXFileReference; lastKnownFileType = sourcecode.swift; path = UIImageViewExtension.swift; sourceTree = "<group>"; };
		CE958DC2287E127B0060A136 /* NetworkModel.swift */ = {isa = PBXFileReference; lastKnownFileType = sourcecode.swift; path = NetworkModel.swift; sourceTree = "<group>"; };
		CE958DC4287F2CA70060A136 /* CollectionViewCell.swift */ = {isa = PBXFileReference; lastKnownFileType = sourcecode.swift; path = CollectionViewCell.swift; sourceTree = "<group>"; };
		CE958DC5287F2CA70060A136 /* CollectionViewCell.xib */ = {isa = PBXFileReference; lastKnownFileType = file.xib; path = CollectionViewCell.xib; sourceTree = "<group>"; };
		CE958DC8287F416F0060A136 /* LocalDataModel.swift */ = {isa = PBXFileReference; lastKnownFileType = sourcecode.swift; path = LocalDataModel.swift; sourceTree = "<group>"; };
		CEAFC4B42877DA5F003908BD /* DragonBallApp-JDRR.app */ = {isa = PBXFileReference; explicitFileType = wrapper.application; includeInIndex = 0; path = "DragonBallApp-JDRR.app"; sourceTree = BUILT_PRODUCTS_DIR; };
		CEAFC4B72877DA5F003908BD /* AppDelegate.swift */ = {isa = PBXFileReference; lastKnownFileType = sourcecode.swift; path = AppDelegate.swift; sourceTree = "<group>"; };
		CEAFC4B92877DA5F003908BD /* SceneDelegate.swift */ = {isa = PBXFileReference; lastKnownFileType = sourcecode.swift; path = SceneDelegate.swift; sourceTree = "<group>"; };
		CEAFC4C02877DA60003908BD /* Assets.xcassets */ = {isa = PBXFileReference; lastKnownFileType = folder.assetcatalog; path = Assets.xcassets; sourceTree = "<group>"; };
		CEAFC4C32877DA60003908BD /* Base */ = {isa = PBXFileReference; lastKnownFileType = file.storyboard; name = Base; path = Base.lproj/LaunchScreen.storyboard; sourceTree = "<group>"; };
		CEAFC4C52877DA60003908BD /* Info.plist */ = {isa = PBXFileReference; lastKnownFileType = text.plist.xml; path = Info.plist; sourceTree = "<group>"; };
		CEAFC4CA2877DA60003908BD /* DragonBallApp-JDRRTests.xctest */ = {isa = PBXFileReference; explicitFileType = wrapper.cfbundle; includeInIndex = 0; path = "DragonBallApp-JDRRTests.xctest"; sourceTree = BUILT_PRODUCTS_DIR; };
		CEAFC4E72877DB65003908BD /* FirstViewController.swift */ = {isa = PBXFileReference; lastKnownFileType = sourcecode.swift; path = FirstViewController.swift; sourceTree = "<group>"; };
		CEAFC4E82877DB65003908BD /* FirstViewController.xib */ = {isa = PBXFileReference; lastKnownFileType = file.xib; path = FirstViewController.xib; sourceTree = "<group>"; };
		CEF75FE02883C148004CE4E4 /* TransformationDetailViewController.swift */ = {isa = PBXFileReference; lastKnownFileType = sourcecode.swift; path = TransformationDetailViewController.swift; sourceTree = "<group>"; };
		CEF75FE12883C148004CE4E4 /* TransformationDetailViewController.xib */ = {isa = PBXFileReference; lastKnownFileType = file.xib; path = TransformationDetailViewController.xib; sourceTree = "<group>"; };
		CEF75FE42884CFDF004CE4E4 /* LocalDataModelTest.swift */ = {isa = PBXFileReference; lastKnownFileType = sourcecode.swift; path = LocalDataModelTest.swift; sourceTree = "<group>"; };
		CEF75FE82884D532004CE4E4 /* NetworkModelTest.swift */ = {isa = PBXFileReference; lastKnownFileType = sourcecode.swift; path = NetworkModelTest.swift; sourceTree = "<group>"; };
/* End PBXFileReference section */

/* Begin PBXFrameworksBuildPhase section */
		CEAFC4B12877DA5F003908BD /* Frameworks */ = {
			isa = PBXFrameworksBuildPhase;
			buildActionMask = 2147483647;
			files = (
			);
			runOnlyForDeploymentPostprocessing = 0;
		};
		CEAFC4C72877DA60003908BD /* Frameworks */ = {
			isa = PBXFrameworksBuildPhase;
			buildActionMask = 2147483647;
			files = (
			);
			runOnlyForDeploymentPostprocessing = 0;
		};
/* End PBXFrameworksBuildPhase section */

/* Begin PBXGroup section */
		CE1D2BCF287F6A740095E6F7 /* Model */ = {
			isa = PBXGroup;
			children = (
				CE958DBE287DFA340060A136 /* HeroModel.swift */,
				CE958DC2287E127B0060A136 /* NetworkModel.swift */,
				CE958DC8287F416F0060A136 /* LocalDataModel.swift */,
			);
			path = Model;
			sourceTree = "<group>";
		};
		CE1D2BD0287F6A910095E6F7 /* Controllers */ = {
			isa = PBXGroup;
			children = (
				CE1D2BD5287F71B30095E6F7 /* TransformationsViewControllers */,
				CE1D2BD4287F71910095E6F7 /* HeroesViewControllers */,
				CEAFC4E72877DB65003908BD /* FirstViewController.swift */,
				CE958DBA287DE5270060A136 /* DetailViewController.swift */,
				CEF75FE02883C148004CE4E4 /* TransformationDetailViewController.swift */,
			);
			path = Controllers;
			sourceTree = "<group>";
		};
		CE1D2BD1287F6B440095E6F7 /* Views */ = {
			isa = PBXGroup;
			children = (
				CE1D2BE7287F7DD20095E6F7 /* TransformationsTableView */,
				CE1D2BE2287F7D2A0095E6F7 /* TransformationsCollectionView */,
				CE1D2BD2287F6BD40095E6F7 /* HeroesTableView */,
				CE1D2BD3287F6C130095E6F7 /* HeroesCollectionView */,
				CEAFC4E82877DB65003908BD /* FirstViewController.xib */,
				CE958DBB287DE5270060A136 /* DetailViewController.xib */,
				CEF75FE12883C148004CE4E4 /* TransformationDetailViewController.xib */,
				CE958DA2287D17C60060A136 /* TabBarController.xib */,
				CE1D2BD7287F72540095E6F7 /* TransformationsTabBarController.xib */,
			);
			path = Views;
			sourceTree = "<group>";
		};
		CE1D2BD2287F6BD40095E6F7 /* HeroesTableView */ = {
			isa = PBXGroup;
			children = (
				CE958DB3287DBCAD0060A136 /* HeroesTableViewController.xib */,
				CE958DB7287DCB4B0060A136 /* TableViewCell.xib */,
				CE958DB6287DCB4B0060A136 /* TableViewCell.swift */,
			);
			path = HeroesTableView;
			sourceTree = "<group>";
		};
		CE1D2BD3287F6C130095E6F7 /* HeroesCollectionView */ = {
			isa = PBXGroup;
			children = (
				CE958DAE287D238A0060A136 /* CollectionViewController.xib */,
				CE958DC5287F2CA70060A136 /* CollectionViewCell.xib */,
				CE958DC4287F2CA70060A136 /* CollectionViewCell.swift */,
			);
			path = HeroesCollectionView;
			sourceTree = "<group>";
		};
		CE1D2BD4287F71910095E6F7 /* HeroesViewControllers */ = {
			isa = PBXGroup;
			children = (
				CE958DA1287D17C60060A136 /* TabBarController.swift */,
				CE958DB2287DBCAD0060A136 /* HeroesTableViewController.swift */,
				CE958DAD287D238A0060A136 /* CollectionViewController.swift */,
			);
			path = HeroesViewControllers;
			sourceTree = "<group>";
		};
		CE1D2BD5287F71B30095E6F7 /* TransformationsViewControllers */ = {
			isa = PBXGroup;
			children = (
				CE1D2BD6287F72540095E6F7 /* TransformationsTabBarController.swift */,
				CE1D2BDA287F72E70095E6F7 /* TransformationsTableViewController.swift */,
				CE1D2BDE287F73050095E6F7 /* TransformationsCollectionViewController.swift */,
			);
			path = TransformationsViewControllers;
			sourceTree = "<group>";
		};
		CE1D2BE2287F7D2A0095E6F7 /* TransformationsCollectionView */ = {
			isa = PBXGroup;
			children = (
				CE1D2BDF287F73050095E6F7 /* TransformationsCollectionViewController.xib */,
				CE1D2BE4287F7DA40095E6F7 /* TransformationsCollectionViewCell.xib */,
				CE1D2BE3287F7DA40095E6F7 /* TransformationsCollectionViewCell.swift */,
			);
			path = TransformationsCollectionView;
			sourceTree = "<group>";
		};
		CE1D2BE7287F7DD20095E6F7 /* TransformationsTableView */ = {
			isa = PBXGroup;
			children = (
				CE1D2BDB287F72E70095E6F7 /* TransformationsTableViewController.xib */,
				CE1D2BE9287F7E030095E6F7 /* TransformationsTableViewCell.xib */,
				CE1D2BE8287F7E030095E6F7 /* TransformationsTableViewCell.swift */,
			);
			path = TransformationsTableView;
			sourceTree = "<group>";
		};
		CEAFC4AB2877DA5F003908BD = {
			isa = PBXGroup;
			children = (
				CEAFC4B62877DA5F003908BD /* DragonBallApp-JDRR */,
				CEAFC4CD2877DA60003908BD /* DragonBallApp-JDRRTests */,
				CEAFC4B52877DA5F003908BD /* Products */,
			);
			sourceTree = "<group>";
		};
		CEAFC4B52877DA5F003908BD /* Products */ = {
			isa = PBXGroup;
			children = (
				CEAFC4B42877DA5F003908BD /* DragonBallApp-JDRR.app */,
				CEAFC4CA2877DA60003908BD /* DragonBallApp-JDRRTests.xctest */,
			);
			name = Products;
			sourceTree = "<group>";
		};
		CEAFC4B62877DA5F003908BD /* DragonBallApp-JDRR */ = {
			isa = PBXGroup;
			children = (
				CE1D2BCF287F6A740095E6F7 /* Model */,
				CE1D2BD0287F6A910095E6F7 /* Controllers */,
				CE1D2BD1287F6B440095E6F7 /* Views */,
				CEAFC4B72877DA5F003908BD /* AppDelegate.swift */,
				CEAFC4B92877DA5F003908BD /* SceneDelegate.swift */,
				CEAFC4C02877DA60003908BD /* Assets.xcassets */,
				CEAFC4C52877DA60003908BD /* Info.plist */,
				CEAFC4C22877DA60003908BD /* LaunchScreen.storyboard */,
				CE958DC0287DFF920060A136 /* UIImageViewExtension.swift */,
			);
			path = "DragonBallApp-JDRR";
			sourceTree = "<group>";
		};
		CEAFC4CD2877DA60003908BD /* DragonBallApp-JDRRTests */ = {
			isa = PBXGroup;
			children = (
				CEF75FE42884CFDF004CE4E4 /* LocalDataModelTest.swift */,
				CEF75FE82884D532004CE4E4 /* NetworkModelTest.swift */,
			);
			path = "DragonBallApp-JDRRTests";
			sourceTree = "<group>";
		};
/* End PBXGroup section */

/* Begin PBXNativeTarget section */
		CEAFC4B32877DA5F003908BD /* DragonBallApp-JDRR */ = {
			isa = PBXNativeTarget;
			buildConfigurationList = CEAFC4DE2877DA60003908BD /* Build configuration list for PBXNativeTarget "DragonBallApp-JDRR" */;
			buildPhases = (
				CEAFC4B02877DA5F003908BD /* Sources */,
				CEAFC4B12877DA5F003908BD /* Frameworks */,
				CEAFC4B22877DA5F003908BD /* Resources */,
			);
			buildRules = (
			);
			dependencies = (
			);
			name = "DragonBallApp-JDRR";
			productName = "DragonBallApp-JDRR";
			productReference = CEAFC4B42877DA5F003908BD /* DragonBallApp-JDRR.app */;
			productType = "com.apple.product-type.application";
		};
		CEAFC4C92877DA60003908BD /* DragonBallApp-JDRRTests */ = {
			isa = PBXNativeTarget;
			buildConfigurationList = CEAFC4E12877DA60003908BD /* Build configuration list for PBXNativeTarget "DragonBallApp-JDRRTests" */;
			buildPhases = (
				CEAFC4C62877DA60003908BD /* Sources */,
				CEAFC4C72877DA60003908BD /* Frameworks */,
				CEAFC4C82877DA60003908BD /* Resources */,
			);
			buildRules = (
			);
			dependencies = (
				CEAFC4CC2877DA60003908BD /* PBXTargetDependency */,
			);
			name = "DragonBallApp-JDRRTests";
			productName = "DragonBallApp-JDRRTests";
			productReference = CEAFC4CA2877DA60003908BD /* DragonBallApp-JDRRTests.xctest */;
			productType = "com.apple.product-type.bundle.unit-test";
		};
/* End PBXNativeTarget section */

/* Begin PBXProject section */
		CEAFC4AC2877DA5F003908BD /* Project object */ = {
			isa = PBXProject;
			attributes = {
				BuildIndependentTargetsInParallel = 1;
				LastSwiftUpdateCheck = 1340;
				LastUpgradeCheck = 1340;
				TargetAttributes = {
					CEAFC4B32877DA5F003908BD = {
						CreatedOnToolsVersion = 13.4.1;
					};
					CEAFC4C92877DA60003908BD = {
						CreatedOnToolsVersion = 13.4.1;
						TestTargetID = CEAFC4B32877DA5F003908BD;
					};
				};
			};
			buildConfigurationList = CEAFC4AF2877DA5F003908BD /* Build configuration list for PBXProject "DragonBallApp-JDRR" */;
			compatibilityVersion = "Xcode 13.0";
			developmentRegion = en;
			hasScannedForEncodings = 0;
			knownRegions = (
				en,
				Base,
			);
			mainGroup = CEAFC4AB2877DA5F003908BD;
			productRefGroup = CEAFC4B52877DA5F003908BD /* Products */;
			projectDirPath = "";
			projectRoot = "";
			targets = (
				CEAFC4B32877DA5F003908BD /* DragonBallApp-JDRR */,
				CEAFC4C92877DA60003908BD /* DragonBallApp-JDRRTests */,
			);
		};
/* End PBXProject section */

/* Begin PBXResourcesBuildPhase section */
		CEAFC4B22877DA5F003908BD /* Resources */ = {
			isa = PBXResourcesBuildPhase;
			buildActionMask = 2147483647;
			files = (
				CE1D2BEB287F7E030095E6F7 /* TransformationsTableViewCell.xib in Resources */,
				CE958DB0287D238A0060A136 /* CollectionViewController.xib in Resources */,
				CEAFC4C42877DA60003908BD /* LaunchScreen.storyboard in Resources */,
				CE958DB9287DCB4B0060A136 /* TableViewCell.xib in Resources */,
				CEF75FE32883C148004CE4E4 /* TransformationDetailViewController.xib in Resources */,
				CE958DBD287DE5270060A136 /* DetailViewController.xib in Resources */,
				CE958DA4287D17C60060A136 /* TabBarController.xib in Resources */,
				CE1D2BDD287F72E70095E6F7 /* TransformationsTableViewController.xib in Resources */,
				CE958DB5287DBCAD0060A136 /* HeroesTableViewController.xib in Resources */,
				CEAFC4EA2877DB65003908BD /* FirstViewController.xib in Resources */,
				CEAFC4C12877DA60003908BD /* Assets.xcassets in Resources */,
				CE1D2BE1287F73050095E6F7 /* TransformationsCollectionViewController.xib in Resources */,
				CE1D2BD9287F72540095E6F7 /* TransformationsTabBarController.xib in Resources */,
				CE1D2BE6287F7DA40095E6F7 /* TransformationsCollectionViewCell.xib in Resources */,
				CE958DC7287F2CA70060A136 /* CollectionViewCell.xib in Resources */,
			);
			runOnlyForDeploymentPostprocessing = 0;
		};
		CEAFC4C82877DA60003908BD /* Resources */ = {
			isa = PBXResourcesBuildPhase;
			buildActionMask = 2147483647;
			files = (
			);
			runOnlyForDeploymentPostprocessing = 0;
		};
/* End PBXResourcesBuildPhase section */

/* Begin PBXSourcesBuildPhase section */
		CEAFC4B02877DA5F003908BD /* Sources */ = {
			isa = PBXSourcesBuildPhase;
			buildActionMask = 2147483647;
			files = (
				CE1D2BD8287F72540095E6F7 /* TransformationsTabBarController.swift in Sources */,
				CE1D2BE5287F7DA40095E6F7 /* TransformationsCollectionViewCell.swift in Sources */,
				CE958DC9287F416F0060A136 /* LocalDataModel.swift in Sources */,
				CE958DC1287DFF920060A136 /* UIImageViewExtension.swift in Sources */,
				CE958DAF287D238A0060A136 /* CollectionViewController.swift in Sources */,
				CE958DC6287F2CA70060A136 /* CollectionViewCell.swift in Sources */,
				CE958DC3287E127B0060A136 /* NetworkModel.swift in Sources */,
				CEAFC4E92877DB65003908BD /* FirstViewController.swift in Sources */,
				CE958DA3287D17C60060A136 /* TabBarController.swift in Sources */,
				CEAFC4B82877DA5F003908BD /* AppDelegate.swift in Sources */,
				CEAFC4BA2877DA5F003908BD /* SceneDelegate.swift in Sources */,
				CE958DB8287DCB4B0060A136 /* TableViewCell.swift in Sources */,
				CE958DB4287DBCAD0060A136 /* HeroesTableViewController.swift in Sources */,
				CEF75FE22883C148004CE4E4 /* TransformationDetailViewController.swift in Sources */,
				CE958DBC287DE5270060A136 /* DetailViewController.swift in Sources */,
				CE1D2BE0287F73050095E6F7 /* TransformationsCollectionViewController.swift in Sources */,
				CE1D2BDC287F72E70095E6F7 /* TransformationsTableViewController.swift in Sources */,
				CE1D2BEA287F7E030095E6F7 /* TransformationsTableViewCell.swift in Sources */,
				CE958DBF287DFA340060A136 /* HeroModel.swift in Sources */,
			);
			runOnlyForDeploymentPostprocessing = 0;
		};
		CEAFC4C62877DA60003908BD /* Sources */ = {
			isa = PBXSourcesBuildPhase;
			buildActionMask = 2147483647;
			files = (
				CEF75FE92884D532004CE4E4 /* NetworkModelTest.swift in Sources */,
				CEF75FE52884CFDF004CE4E4 /* LocalDataModelTest.swift in Sources */,
			);
			runOnlyForDeploymentPostprocessing = 0;
		};
/* End PBXSourcesBuildPhase section */

/* Begin PBXTargetDependency section */
		CEAFC4CC2877DA60003908BD /* PBXTargetDependency */ = {
			isa = PBXTargetDependency;
			target = CEAFC4B32877DA5F003908BD /* DragonBallApp-JDRR */;
			targetProxy = CEAFC4CB2877DA60003908BD /* PBXContainerItemProxy */;
		};
/* End PBXTargetDependency section */

/* Begin PBXVariantGroup section */
		CEAFC4C22877DA60003908BD /* LaunchScreen.storyboard */ = {
			isa = PBXVariantGroup;
			children = (
				CEAFC4C32877DA60003908BD /* Base */,
			);
			name = LaunchScreen.storyboard;
			sourceTree = "<group>";
		};
/* End PBXVariantGroup section */

/* Begin XCBuildConfiguration section */
		CEAFC4DC2877DA60003908BD /* Debug */ = {
			isa = XCBuildConfiguration;
			buildSettings = {
				ALWAYS_SEARCH_USER_PATHS = NO;
				CLANG_ANALYZER_NONNULL = YES;
				CLANG_ANALYZER_NUMBER_OBJECT_CONVERSION = YES_AGGRESSIVE;
				CLANG_CXX_LANGUAGE_STANDARD = "gnu++17";
				CLANG_ENABLE_MODULES = YES;
				CLANG_ENABLE_OBJC_ARC = YES;
				CLANG_ENABLE_OBJC_WEAK = YES;
				CLANG_WARN_BLOCK_CAPTURE_AUTORELEASING = YES;
				CLANG_WARN_BOOL_CONVERSION = YES;
				CLANG_WARN_COMMA = YES;
				CLANG_WARN_CONSTANT_CONVERSION = YES;
				CLANG_WARN_DEPRECATED_OBJC_IMPLEMENTATIONS = YES;
				CLANG_WARN_DIRECT_OBJC_ISA_USAGE = YES_ERROR;
				CLANG_WARN_DOCUMENTATION_COMMENTS = YES;
				CLANG_WARN_EMPTY_BODY = YES;
				CLANG_WARN_ENUM_CONVERSION = YES;
				CLANG_WARN_INFINITE_RECURSION = YES;
				CLANG_WARN_INT_CONVERSION = YES;
				CLANG_WARN_NON_LITERAL_NULL_CONVERSION = YES;
				CLANG_WARN_OBJC_IMPLICIT_RETAIN_SELF = YES;
				CLANG_WARN_OBJC_LITERAL_CONVERSION = YES;
				CLANG_WARN_OBJC_ROOT_CLASS = YES_ERROR;
				CLANG_WARN_QUOTED_INCLUDE_IN_FRAMEWORK_HEADER = YES;
				CLANG_WARN_RANGE_LOOP_ANALYSIS = YES;
				CLANG_WARN_STRICT_PROTOTYPES = YES;
				CLANG_WARN_SUSPICIOUS_MOVE = YES;
				CLANG_WARN_UNGUARDED_AVAILABILITY = YES_AGGRESSIVE;
				CLANG_WARN_UNREACHABLE_CODE = YES;
				CLANG_WARN__DUPLICATE_METHOD_MATCH = YES;
				COPY_PHASE_STRIP = NO;
				DEBUG_INFORMATION_FORMAT = dwarf;
				ENABLE_STRICT_OBJC_MSGSEND = YES;
				ENABLE_TESTABILITY = YES;
				GCC_C_LANGUAGE_STANDARD = gnu11;
				GCC_DYNAMIC_NO_PIC = NO;
				GCC_NO_COMMON_BLOCKS = YES;
				GCC_OPTIMIZATION_LEVEL = 0;
				GCC_PREPROCESSOR_DEFINITIONS = (
					"DEBUG=1",
					"$(inherited)",
				);
				GCC_WARN_64_TO_32_BIT_CONVERSION = YES;
				GCC_WARN_ABOUT_RETURN_TYPE = YES_ERROR;
				GCC_WARN_UNDECLARED_SELECTOR = YES;
				GCC_WARN_UNINITIALIZED_AUTOS = YES_AGGRESSIVE;
				GCC_WARN_UNUSED_FUNCTION = YES;
				GCC_WARN_UNUSED_VARIABLE = YES;
				IPHONEOS_DEPLOYMENT_TARGET = 15.5;
				MTL_ENABLE_DEBUG_INFO = INCLUDE_SOURCE;
				MTL_FAST_MATH = YES;
				ONLY_ACTIVE_ARCH = YES;
				SDKROOT = iphoneos;
				SWIFT_ACTIVE_COMPILATION_CONDITIONS = DEBUG;
				SWIFT_OPTIMIZATION_LEVEL = "-Onone";
			};
			name = Debug;
		};
		CEAFC4DD2877DA60003908BD /* Release */ = {
			isa = XCBuildConfiguration;
			buildSettings = {
				ALWAYS_SEARCH_USER_PATHS = NO;
				CLANG_ANALYZER_NONNULL = YES;
				CLANG_ANALYZER_NUMBER_OBJECT_CONVERSION = YES_AGGRESSIVE;
				CLANG_CXX_LANGUAGE_STANDARD = "gnu++17";
				CLANG_ENABLE_MODULES = YES;
				CLANG_ENABLE_OBJC_ARC = YES;
				CLANG_ENABLE_OBJC_WEAK = YES;
				CLANG_WARN_BLOCK_CAPTURE_AUTORELEASING = YES;
				CLANG_WARN_BOOL_CONVERSION = YES;
				CLANG_WARN_COMMA = YES;
				CLANG_WARN_CONSTANT_CONVERSION = YES;
				CLANG_WARN_DEPRECATED_OBJC_IMPLEMENTATIONS = YES;
				CLANG_WARN_DIRECT_OBJC_ISA_USAGE = YES_ERROR;
				CLANG_WARN_DOCUMENTATION_COMMENTS = YES;
				CLANG_WARN_EMPTY_BODY = YES;
				CLANG_WARN_ENUM_CONVERSION = YES;
				CLANG_WARN_INFINITE_RECURSION = YES;
				CLANG_WARN_INT_CONVERSION = YES;
				CLANG_WARN_NON_LITERAL_NULL_CONVERSION = YES;
				CLANG_WARN_OBJC_IMPLICIT_RETAIN_SELF = YES;
				CLANG_WARN_OBJC_LITERAL_CONVERSION = YES;
				CLANG_WARN_OBJC_ROOT_CLASS = YES_ERROR;
				CLANG_WARN_QUOTED_INCLUDE_IN_FRAMEWORK_HEADER = YES;
				CLANG_WARN_RANGE_LOOP_ANALYSIS = YES;
				CLANG_WARN_STRICT_PROTOTYPES = YES;
				CLANG_WARN_SUSPICIOUS_MOVE = YES;
				CLANG_WARN_UNGUARDED_AVAILABILITY = YES_AGGRESSIVE;
				CLANG_WARN_UNREACHABLE_CODE = YES;
				CLANG_WARN__DUPLICATE_METHOD_MATCH = YES;
				COPY_PHASE_STRIP = NO;
				DEBUG_INFORMATION_FORMAT = "dwarf-with-dsym";
				ENABLE_NS_ASSERTIONS = NO;
				ENABLE_STRICT_OBJC_MSGSEND = YES;
				GCC_C_LANGUAGE_STANDARD = gnu11;
				GCC_NO_COMMON_BLOCKS = YES;
				GCC_WARN_64_TO_32_BIT_CONVERSION = YES;
				GCC_WARN_ABOUT_RETURN_TYPE = YES_ERROR;
				GCC_WARN_UNDECLARED_SELECTOR = YES;
				GCC_WARN_UNINITIALIZED_AUTOS = YES_AGGRESSIVE;
				GCC_WARN_UNUSED_FUNCTION = YES;
				GCC_WARN_UNUSED_VARIABLE = YES;
				IPHONEOS_DEPLOYMENT_TARGET = 15.5;
				MTL_ENABLE_DEBUG_INFO = NO;
				MTL_FAST_MATH = YES;
				SDKROOT = iphoneos;
				SWIFT_COMPILATION_MODE = wholemodule;
				SWIFT_OPTIMIZATION_LEVEL = "-O";
				VALIDATE_PRODUCT = YES;
			};
			name = Release;
		};
		CEAFC4DF2877DA60003908BD /* Debug */ = {
			isa = XCBuildConfiguration;
			buildSettings = {
				ASSETCATALOG_COMPILER_APPICON_NAME = AppIcon;
				ASSETCATALOG_COMPILER_GLOBAL_ACCENT_COLOR_NAME = AccentColor;
				CODE_SIGN_STYLE = Automatic;
				CURRENT_PROJECT_VERSION = 1;
				DEVELOPMENT_TEAM = W7Z62F45X3;
				GENERATE_INFOPLIST_FILE = YES;
				INFOPLIST_FILE = "DragonBallApp-JDRR/Info.plist";
				INFOPLIST_KEY_UIApplicationSupportsIndirectInputEvents = YES;
				INFOPLIST_KEY_UILaunchStoryboardName = LaunchScreen;
				INFOPLIST_KEY_UISupportedInterfaceOrientations_iPad = "UIInterfaceOrientationPortrait UIInterfaceOrientationPortraitUpsideDown UIInterfaceOrientationLandscapeLeft UIInterfaceOrientationLandscapeRight";
				INFOPLIST_KEY_UISupportedInterfaceOrientations_iPhone = "UIInterfaceOrientationPortrait UIInterfaceOrientationLandscapeLeft UIInterfaceOrientationLandscapeRight";
				LD_RUNPATH_SEARCH_PATHS = (
					"$(inherited)",
					"@executable_path/Frameworks",
				);
				MARKETING_VERSION = 1.0;
				PRODUCT_BUNDLE_IDENTIFIER = "Bolingas.DragonBallApp-JDRR";
				PRODUCT_NAME = "$(TARGET_NAME)";
				SWIFT_EMIT_LOC_STRINGS = YES;
				SWIFT_VERSION = 5.0;
				TARGETED_DEVICE_FAMILY = "1,2";
			};
			name = Debug;
		};
		CEAFC4E02877DA60003908BD /* Release */ = {
			isa = XCBuildConfiguration;
			buildSettings = {
				ASSETCATALOG_COMPILER_APPICON_NAME = AppIcon;
				ASSETCATALOG_COMPILER_GLOBAL_ACCENT_COLOR_NAME = AccentColor;
				CODE_SIGN_STYLE = Automatic;
				CURRENT_PROJECT_VERSION = 1;
				DEVELOPMENT_TEAM = W7Z62F45X3;
				GENERATE_INFOPLIST_FILE = YES;
				INFOPLIST_FILE = "DragonBallApp-JDRR/Info.plist";
				INFOPLIST_KEY_UIApplicationSupportsIndirectInputEvents = YES;
				INFOPLIST_KEY_UILaunchStoryboardName = LaunchScreen;
				INFOPLIST_KEY_UISupportedInterfaceOrientations_iPad = "UIInterfaceOrientationPortrait UIInterfaceOrientationPortraitUpsideDown UIInterfaceOrientationLandscapeLeft UIInterfaceOrientationLandscapeRight";
				INFOPLIST_KEY_UISupportedInterfaceOrientations_iPhone = "UIInterfaceOrientationPortrait UIInterfaceOrientationLandscapeLeft UIInterfaceOrientationLandscapeRight";
				LD_RUNPATH_SEARCH_PATHS = (
					"$(inherited)",
					"@executable_path/Frameworks",
				);
				MARKETING_VERSION = 1.0;
				PRODUCT_BUNDLE_IDENTIFIER = "Bolingas.DragonBallApp-JDRR";
				PRODUCT_NAME = "$(TARGET_NAME)";
				SWIFT_EMIT_LOC_STRINGS = YES;
				SWIFT_VERSION = 5.0;
				TARGETED_DEVICE_FAMILY = "1,2";
			};
			name = Release;
		};
		CEAFC4E22877DA60003908BD /* Debug */ = {
			isa = XCBuildConfiguration;
			buildSettings = {
				ALWAYS_EMBED_SWIFT_STANDARD_LIBRARIES = YES;
				BUNDLE_LOADER = "$(TEST_HOST)";
				CODE_SIGN_STYLE = Automatic;
				CURRENT_PROJECT_VERSION = 1;
				DEVELOPMENT_TEAM = W7Z62F45X3;
				GENERATE_INFOPLIST_FILE = YES;
				IPHONEOS_DEPLOYMENT_TARGET = 15.5;
				MARKETING_VERSION = 1.0;
				PRODUCT_BUNDLE_IDENTIFIER = "Bolingas.DragonBallApp-JDRRTests";
				PRODUCT_NAME = "$(TARGET_NAME)";
				SWIFT_EMIT_LOC_STRINGS = NO;
				SWIFT_VERSION = 5.0;
				TARGETED_DEVICE_FAMILY = "1,2";
				TEST_HOST = "$(BUILT_PRODUCTS_DIR)/DragonBallApp-JDRR.app/DragonBallApp-JDRR";
			};
			name = Debug;
		};
		CEAFC4E32877DA60003908BD /* Release */ = {
			isa = XCBuildConfiguration;
			buildSettings = {
				ALWAYS_EMBED_SWIFT_STANDARD_LIBRARIES = YES;
				BUNDLE_LOADER = "$(TEST_HOST)";
				CODE_SIGN_STYLE = Automatic;
				CURRENT_PROJECT_VERSION = 1;
				DEVELOPMENT_TEAM = W7Z62F45X3;
				GENERATE_INFOPLIST_FILE = YES;
				IPHONEOS_DEPLOYMENT_TARGET = 15.5;
				MARKETING_VERSION = 1.0;
				PRODUCT_BUNDLE_IDENTIFIER = "Bolingas.DragonBallApp-JDRRTests";
				PRODUCT_NAME = "$(TARGET_NAME)";
				SWIFT_EMIT_LOC_STRINGS = NO;
				SWIFT_VERSION = 5.0;
				TARGETED_DEVICE_FAMILY = "1,2";
				TEST_HOST = "$(BUILT_PRODUCTS_DIR)/DragonBallApp-JDRR.app/DragonBallApp-JDRR";
			};
			name = Release;
		};
/* End XCBuildConfiguration section */

/* Begin XCConfigurationList section */
		CEAFC4AF2877DA5F003908BD /* Build configuration list for PBXProject "DragonBallApp-JDRR" */ = {
			isa = XCConfigurationList;
			buildConfigurations = (
				CEAFC4DC2877DA60003908BD /* Debug */,
				CEAFC4DD2877DA60003908BD /* Release */,
			);
			defaultConfigurationIsVisible = 0;
			defaultConfigurationName = Release;
		};
		CEAFC4DE2877DA60003908BD /* Build configuration list for PBXNativeTarget "DragonBallApp-JDRR" */ = {
			isa = XCConfigurationList;
			buildConfigurations = (
				CEAFC4DF2877DA60003908BD /* Debug */,
				CEAFC4E02877DA60003908BD /* Release */,
			);
			defaultConfigurationIsVisible = 0;
			defaultConfigurationName = Release;
		};
		CEAFC4E12877DA60003908BD /* Build configuration list for PBXNativeTarget "DragonBallApp-JDRRTests" */ = {
			isa = XCConfigurationList;
			buildConfigurations = (
				CEAFC4E22877DA60003908BD /* Debug */,
				CEAFC4E32877DA60003908BD /* Release */,
			);
			defaultConfigurationIsVisible = 0;
			defaultConfigurationName = Release;
		};
/* End XCConfigurationList section */
	};
	rootObject = CEAFC4AC2877DA5F003908BD /* Project object */;
}
